
Microsoft Visual Studio Solution File, Format Version 12.00
Project("{FAE04EC0-301F-11D3-BF4B-00C04F79EFBC}") = "System.Refactive", "System.Refactive\System.Refactive.csproj", "{769517B3-3EC9-40CC-93CA-6AF590C1D717}"
EndProject
Global
	GlobalSection(SolutionConfigurationPlatforms) = preSolution
		Debug|Any CPU = Debug|Any CPU
		Release|Any CPU = Release|Any CPU
	EndGlobalSection
	GlobalSection(ProjectConfigurationPlatforms) = postSolution
		{769517B3-3EC9-40CC-93CA-6AF590C1D717}.Debug|Any CPU.ActiveCfg = Debug|Any CPU
		{769517B3-3EC9-40CC-93CA-6AF590C1D717}.Debug|Any CPU.Build.0 = Debug|Any CPU
		{769517B3-3EC9-40CC-93CA-6AF590C1D717}.Release|Any CPU.ActiveCfg = Release|Any CPU
		{769517B3-3EC9-40CC-93CA-6AF590C1D717}.Release|Any CPU.Build.0 = Release|Any CPU
	EndGlobalSection
EndGlobal
